
Microsoft Visual Studio Solution File, Format Version 12.00
# Visual Studio Version 16
VisualStudioVersion = 16.0.810.14
MinimumVisualStudioVersion = 10.0.40219.1
Project("{FAE04EC0-301F-11D3-BF4B-00C04F79EFBC}") = "RestaurantMenu", "RestaurantMenu\RestaurantMenu.csproj", "{A3E827D8-D0A7-4CC8-AFAE-544CEFD6770B}"
EndProject
Global
	GlobalSection(SolutionConfigurationPlatforms) = preSolution
		Debug|anycpu = Debug|anycpu
		Release|anycpu = Release|anycpu
	EndGlobalSection
	GlobalSection(ProjectConfigurationPlatforms) = postSolution
		{A3E827D8-D0A7-4CC8-AFAE-544CEFD6770B}.Debug|anycpu.ActiveCfg = Debug|anycpu
		{A3E827D8-D0A7-4CC8-AFAE-544CEFD6770B}.Debug|anycpu.Build.0 = Debug|anycpu
		{A3E827D8-D0A7-4CC8-AFAE-544CEFD6770B}.Release|anycpu.ActiveCfg = Release|anycpu
		{A3E827D8-D0A7-4CC8-AFAE-544CEFD6770B}.Release|anycpu.Build.0 = Release|anycpu
	EndGlobalSection
	GlobalSection(SolutionProperties) = preSolution
		HideSolutionNode = FALSE
	EndGlobalSection
	GlobalSection(ExtensibilityGlobals) = postSolution
		SolutionGuid = {727AD50F-49AA-4F00-AA1F-92F8EE6A6600}
	EndGlobalSection
EndGlobal
